
Microsoft Visual Studio Solution File, Format Version 12.00
# Visual Studio 15
VisualStudioVersion = 15.0.27130.2036
MinimumVisualStudioVersion = 10.0.40219.1
Project("{FAE04EC0-301F-11D3-BF4B-00C04F79EFBC}") = "HolidayExtras", "HolidayExtras\HolidayExtras.csproj", "{9AF5154C-F8AD-45D1-BD84-9CFD4D2AC48E}"
EndProject
Global
	GlobalSection(SolutionConfigurationPlatforms) = preSolution
		Debug|Any CPU = Debug|Any CPU
		Release|Any CPU = Release|Any CPU
	EndGlobalSection
	GlobalSection(ProjectConfigurationPlatforms) = postSolution
		{9AF5154C-F8AD-45D1-BD84-9CFD4D2AC48E}.Debug|Any CPU.ActiveCfg = Debug|Any CPU
		{9AF5154C-F8AD-45D1-BD84-9CFD4D2AC48E}.Debug|Any CPU.Build.0 = Debug|Any CPU
		{9AF5154C-F8AD-45D1-BD84-9CFD4D2AC48E}.Release|Any CPU.ActiveCfg = Release|Any CPU
		{9AF5154C-F8AD-45D1-BD84-9CFD4D2AC48E}.Release|Any CPU.Build.0 = Release|Any CPU
	EndGlobalSection
	GlobalSection(SolutionProperties) = preSolution
		HideSolutionNode = FALSE
	EndGlobalSection
	GlobalSection(ExtensibilityGlobals) = postSolution
		SolutionGuid = {A1A071F9-E88D-4FF5-BA7C-9CFB6BBA9492}
	EndGlobalSection
EndGlobal
